
Microsoft Visual Studio Solution File, Format Version 12.00
# Visual Studio Version 16
VisualStudioVersion = 16.0.29926.136
MinimumVisualStudioVersion = 10.0.40219.1
Project("{9A19103F-16F7-4668-BE54-9A1E7A4F7556}") = "api", "api.csproj", "{1BA0BA57-E351-4E31-9CB1-2BB47E73CEFC}"
EndProject
Project("{9A19103F-16F7-4668-BE54-9A1E7A4F7556}") = "app", "..\app\app.csproj", "{A1B2FADA-BD66-4C0B-BBC0-D2748C2D7D2E}"
EndProject
Global
	GlobalSection(SolutionConfigurationPlatforms) = preSolution
		Debug|Any CPU = Debug|Any CPU
		Release|Any CPU = Release|Any CPU
	EndGlobalSection
	GlobalSection(ProjectConfigurationPlatforms) = postSolution
		{1BA0BA57-E351-4E31-9CB1-2BB47E73CEFC}.Debug|Any CPU.ActiveCfg = Debug|Any CPU
		{1BA0BA57-E351-4E31-9CB1-2BB47E73CEFC}.Debug|Any CPU.Build.0 = Debug|Any CPU
		{1BA0BA57-E351-4E31-9CB1-2BB47E73CEFC}.Release|Any CPU.ActiveCfg = Release|Any CPU
		{1BA0BA57-E351-4E31-9CB1-2BB47E73CEFC}.Release|Any CPU.Build.0 = Release|Any CPU
		{A1B2FADA-BD66-4C0B-BBC0-D2748C2D7D2E}.Debug|Any CPU.ActiveCfg = Debug|Any CPU
		{A1B2FADA-BD66-4C0B-BBC0-D2748C2D7D2E}.Debug|Any CPU.Build.0 = Debug|Any CPU
		{A1B2FADA-BD66-4C0B-BBC0-D2748C2D7D2E}.Release|Any CPU.ActiveCfg = Release|Any CPU
		{A1B2FADA-BD66-4C0B-BBC0-D2748C2D7D2E}.Release|Any CPU.Build.0 = Release|Any CPU
	EndGlobalSection
	GlobalSection(SolutionProperties) = preSolution
		HideSolutionNode = FALSE
	EndGlobalSection
	GlobalSection(ExtensibilityGlobals) = postSolution
		SolutionGuid = {FF49FA42-1334-4630-BD59-80F85AF3B89C}
	EndGlobalSection
EndGlobal
